
Microsoft Visual Studio Solution File, Format Version 12.00
# Visual Studio Version 16
VisualStudioVersion = 16.0.29230.47
MinimumVisualStudioVersion = 10.0.40219.1
Project("{FAE04EC0-301F-11D3-BF4B-00C04F79EFBC}") = "Linked_List_Example", "Linked_List_Example\Linked_List_Example.csproj", "{7B705523-04F3-4CC1-8FAD-A54C38843719}"
EndProject
Global
	GlobalSection(SolutionConfigurationPlatforms) = preSolution
		Debug|Any CPU = Debug|Any CPU
		Release|Any CPU = Release|Any CPU
	EndGlobalSection
	GlobalSection(ProjectConfigurationPlatforms) = postSolution
		{7B705523-04F3-4CC1-8FAD-A54C38843719}.Debug|Any CPU.ActiveCfg = Debug|Any CPU
		{7B705523-04F3-4CC1-8FAD-A54C38843719}.Debug|Any CPU.Build.0 = Debug|Any CPU
		{7B705523-04F3-4CC1-8FAD-A54C38843719}.Release|Any CPU.ActiveCfg = Release|Any CPU
		{7B705523-04F3-4CC1-8FAD-A54C38843719}.Release|Any CPU.Build.0 = Release|Any CPU
	EndGlobalSection
	GlobalSection(SolutionProperties) = preSolution
		HideSolutionNode = FALSE
	EndGlobalSection
	GlobalSection(ExtensibilityGlobals) = postSolution
		SolutionGuid = {0C8A82F0-374B-4F75-99E9-431F6267515C}
	EndGlobalSection
EndGlobal
